// !$*UTF8*$!
{
	archiveVersion = 1;
	classes = {
	};
	objectVersion = 46;
	objects = {

/* Begin PBXBuildFile section */
		0AB44197E6F84B128019FABE /* libPods-FRDStravaClientDemo.a in Frameworks */ = {isa = PBXBuildFile; fileRef = ED9078EBFF324CF9876BD37C /* libPods-FRDStravaClientDemo.a */; };
		28199D29191EDCAF00EE7C4E /* Foundation.framework in Frameworks */ = {isa = PBXBuildFile; fileRef = 28199D28191EDCAF00EE7C4E /* Foundation.framework */; };
		28199D2B191EDCAF00EE7C4E /* CoreGraphics.framework in Frameworks */ = {isa = PBXBuildFile; fileRef = 28199D2A191EDCAF00EE7C4E /* CoreGraphics.framework */; };
		28199D2D191EDCAF00EE7C4E /* UIKit.framework in Frameworks */ = {isa = PBXBuildFile; fileRef = 28199D2C191EDCAF00EE7C4E /* UIKit.framework */; };
		28199D33191EDCAF00EE7C4E /* InfoPlist.strings in Resources */ = {isa = PBXBuildFile; fileRef = 28199D31191EDCAF00EE7C4E /* InfoPlist.strings */; };
		28199D35191EDCAF00EE7C4E /* main.m in Sources */ = {isa = PBXBuildFile; fileRef = 28199D34191EDCAF00EE7C4E /* main.m */; };
		28199D39191EDCAF00EE7C4E /* AppDelegate.m in Sources */ = {isa = PBXBuildFile; fileRef = 28199D38191EDCAF00EE7C4E /* AppDelegate.m */; };
		28199D3B191EDCAF00EE7C4E /* Images.xcassets in Resources */ = {isa = PBXBuildFile; fileRef = 28199D3A191EDCAF00EE7C4E /* Images.xcassets */; };
		28199D42191EDCAF00EE7C4E /* XCTest.framework in Frameworks */ = {isa = PBXBuildFile; fileRef = 28199D41191EDCAF00EE7C4E /* XCTest.framework */; };
		28199D43191EDCAF00EE7C4E /* Foundation.framework in Frameworks */ = {isa = PBXBuildFile; fileRef = 28199D28191EDCAF00EE7C4E /* Foundation.framework */; };
		28199D44191EDCAF00EE7C4E /* UIKit.framework in Frameworks */ = {isa = PBXBuildFile; fileRef = 28199D2C191EDCAF00EE7C4E /* UIKit.framework */; };
		28199D4C191EDCAF00EE7C4E /* InfoPlist.strings in Resources */ = {isa = PBXBuildFile; fileRef = 28199D4A191EDCAF00EE7C4E /* InfoPlist.strings */; };
		28199D4E191EDCAF00EE7C4E /* FRDStravaClientDemoTests.m in Sources */ = {isa = PBXBuildFile; fileRef = 28199D4D191EDCAF00EE7C4E /* FRDStravaClientDemoTests.m */; };
		28199D7A191EDF0100EE7C4E /* FRDStravaClient+Access.m in Sources */ = {isa = PBXBuildFile; fileRef = 28199D59191EDF0100EE7C4E /* FRDStravaClient+Access.m */; };
		28199D7B191EDF0100EE7C4E /* FRDStravaClient+Activity.m in Sources */ = {isa = PBXBuildFile; fileRef = 28199D5B191EDF0100EE7C4E /* FRDStravaClient+Activity.m */; };
		28199D7C191EDF0100EE7C4E /* FRDStravaClient+Athlete.m in Sources */ = {isa = PBXBuildFile; fileRef = 28199D5D191EDF0100EE7C4E /* FRDStravaClient+Athlete.m */; };
		28199D7D191EDF0100EE7C4E /* FRDStravaClient+Lap.m in Sources */ = {isa = PBXBuildFile; fileRef = 28199D5F191EDF0100EE7C4E /* FRDStravaClient+Lap.m */; };
		28199D7E191EDF0100EE7C4E /* FRDStravaClient+Segment.m in Sources */ = {isa = PBXBuildFile; fileRef = 28199D61191EDF0100EE7C4E /* FRDStravaClient+Segment.m */; };
		28199D7F191EDF0100EE7C4E /* FRDStravaClient+Upload.m in Sources */ = {isa = PBXBuildFile; fileRef = 28199D63191EDF0100EE7C4E /* FRDStravaClient+Upload.m */; };
		28199D80191EDF0100EE7C4E /* FRDStravaClient.m in Sources */ = {isa = PBXBuildFile; fileRef = 28199D65191EDF0100EE7C4E /* FRDStravaClient.m */; };
		28199D81191EDF0100EE7C4E /* StravaAccessTokenResponse.m in Sources */ = {isa = PBXBuildFile; fileRef = 28199D67191EDF0100EE7C4E /* StravaAccessTokenResponse.m */; };
		28199D82191EDF0100EE7C4E /* StravaActivity.m in Sources */ = {isa = PBXBuildFile; fileRef = 28199D69191EDF0100EE7C4E /* StravaActivity.m */; };
		28199D83191EDF0100EE7C4E /* StravaActivityUploadStatus.m in Sources */ = {isa = PBXBuildFile; fileRef = 28199D6B191EDF0100EE7C4E /* StravaActivityUploadStatus.m */; };
		28199D84191EDF0100EE7C4E /* StravaAthlete.m in Sources */ = {isa = PBXBuildFile; fileRef = 28199D6D191EDF0100EE7C4E /* StravaAthlete.m */; };
		28199D85191EDF0100EE7C4E /* StravaCommon.m in Sources */ = {isa = PBXBuildFile; fileRef = 28199D6F191EDF0100EE7C4E /* StravaCommon.m */; };
		28199D86191EDF0100EE7C4E /* StravaLap.m in Sources */ = {isa = PBXBuildFile; fileRef = 28199D71191EDF0100EE7C4E /* StravaLap.m */; };
		28199D87191EDF0100EE7C4E /* StravaMap.m in Sources */ = {isa = PBXBuildFile; fileRef = 28199D73191EDF0100EE7C4E /* StravaMap.m */; };
		28199D88191EDF0100EE7C4E /* StravaSegment.m in Sources */ = {isa = PBXBuildFile; fileRef = 28199D75191EDF0100EE7C4E /* StravaSegment.m */; };
		28199D89191EDF0100EE7C4E /* StravaSegmentEffort.m in Sources */ = {isa = PBXBuildFile; fileRef = 28199D77191EDF0100EE7C4E /* StravaSegmentEffort.m */; };
		28199D8A191EDF0100EE7C4E /* StravaStream.m in Sources */ = {isa = PBXBuildFile; fileRef = 28199D79191EDF0100EE7C4E /* StravaStream.m */; };
		28199D8D191EDF7400EE7C4E /* FRDStravaClient+ActivityStream.m in Sources */ = {isa = PBXBuildFile; fileRef = 28199D8C191EDF7400EE7C4E /* FRDStravaClient+ActivityStream.m */; };
		28199DA7191EE02B00EE7C4E /* ActivitiesMapViewController.m in Sources */ = {isa = PBXBuildFile; fileRef = 28199D8F191EE02A00EE7C4E /* ActivitiesMapViewController.m */; };
		28199DA8191EE02B00EE7C4E /* ActivitiesTableViewController.m in Sources */ = {isa = PBXBuildFile; fileRef = 28199D91191EE02A00EE7C4E /* ActivitiesTableViewController.m */; };
		28199DA9191EE02B00EE7C4E /* ActivityDetailsViewController.m in Sources */ = {isa = PBXBuildFile; fileRef = 28199D93191EE02A00EE7C4E /* ActivityDetailsViewController.m */; };
		28199DAA191EE02B00EE7C4E /* ActivityHelper.m in Sources */ = {isa = PBXBuildFile; fileRef = 28199D95191EE02A00EE7C4E /* ActivityHelper.m */; };
		28199DAB191EE02B00EE7C4E /* ActivityTableViewCell.m in Sources */ = {isa = PBXBuildFile; fileRef = 28199D97191EE02A00EE7C4E /* ActivityTableViewCell.m */; };
		28199DAC191EE02B00EE7C4E /* AthleteDetaislViewController.m in Sources */ = {isa = PBXBuildFile; fileRef = 28199D99191EE02A00EE7C4E /* AthleteDetaislViewController.m */; };
		28199DAD191EE02B00EE7C4E /* AuthViewController.m in Sources */ = {isa = PBXBuildFile; fileRef = 28199D9B191EE02A00EE7C4E /* AuthViewController.m */; };
		28199DAE191EE02B00EE7C4E /* icomoon.ttf in Resources */ = {isa = PBXBuildFile; fileRef = 28199D9C191EE02A00EE7C4E /* icomoon.ttf */; };
		28199DAF191EE02B00EE7C4E /* IconHelper.m in Sources */ = {isa = PBXBuildFile; fileRef = 28199D9E191EE02A00EE7C4E /* IconHelper.m */; };
		28199DB0191EE02B00EE7C4E /* iPhone.storyboard in Resources */ = {isa = PBXBuildFile; fileRef = 28199D9F191EE02A00EE7C4E /* iPhone.storyboard */; };
		28199DB1191EE02B00EE7C4E /* SecondTableViewController.m in Sources */ = {isa = PBXBuildFile; fileRef = 28199DA1191EE02A00EE7C4E /* SecondTableViewController.m */; };
		28199DB2191EE02B00EE7C4E /* Settings.bundle in Resources */ = {isa = PBXBuildFile; fileRef = 28199DA2191EE02A00EE7C4E /* Settings.bundle */; };
		28199DB3191EE02B00EE7C4E /* StarredSegmentsTableViewController.m in Sources */ = {isa = PBXBuildFile; fileRef = 28199DA4191EE02A00EE7C4E /* StarredSegmentsTableViewController.m */; };
		28199DB4191EE02B00EE7C4E /* VelocityStreamViewController.m in Sources */ = {isa = PBXBuildFile; fileRef = 28199DA6191EE02B00EE7C4E /* VelocityStreamViewController.m */; };
		28591AAA1921BD6600298472 /* StreamBaseViewController.m in Sources */ = {isa = PBXBuildFile; fileRef = 28591AA91921BD6600298472 /* StreamBaseViewController.m */; };
		28AE8FFC192719EF00C3627E /* AthleteListTableViewController.m in Sources */ = {isa = PBXBuildFile; fileRef = 28AE8FFB192719EF00C3627E /* AthleteListTableViewController.m */; };
		28AE8FFF1927203200C3627E /* FriendsAndFollowersTableViewController.m in Sources */ = {isa = PBXBuildFile; fileRef = 28AE8FFE1927203200C3627E /* FriendsAndFollowersTableViewController.m */; };
		28AE90021927CB0C00C3627E /* AthleteTableViewCell.m in Sources */ = {isa = PBXBuildFile; fileRef = 28AE90011927CB0C00C3627E /* AthleteTableViewCell.m */; };
		28AE90051927D72F00C3627E /* AthleteHeadShotsCollectionViewController.m in Sources */ = {isa = PBXBuildFile; fileRef = 28AE90041927D72F00C3627E /* AthleteHeadShotsCollectionViewController.m */; };
		28AE90081927D74900C3627E /* BothFollowingCollectionViewCell.m in Sources */ = {isa = PBXBuildFile; fileRef = 28AE90071927D74900C3627E /* BothFollowingCollectionViewCell.m */; };
		28AE900B1927E39E00C3627E /* StravaGear.m in Sources */ = {isa = PBXBuildFile; fileRef = 28AE900A1927E39E00C3627E /* StravaGear.m */; };
		28AE900E1927E68500C3627E /* FRDStravaClient+Gear.m in Sources */ = {isa = PBXBuildFile; fileRef = 28AE900D1927E68500C3627E /* FRDStravaClient+Gear.m */; };
		28AE90111927EA6D00C3627E /* GearViewController.m in Sources */ = {isa = PBXBuildFile; fileRef = 28AE90101927EA6D00C3627E /* GearViewController.m */; };
		28AE90141927EDE200C3627E /* StravaClub.m in Sources */ = {isa = PBXBuildFile; fileRef = 28AE90131927EDE200C3627E /* StravaClub.m */; };
		28AE90171927F1D900C3627E /* FRDStravaClient+Club.m in Sources */ = {isa = PBXBuildFile; fileRef = 28AE90161927F1D900C3627E /* FRDStravaClient+Club.m */; };
		28AE901A192863DB00C3627E /* ClubsTableViewController.m in Sources */ = {isa = PBXBuildFile; fileRef = 28AE9019192863DB00C3627E /* ClubsTableViewController.m */; };
		28AE901D19295EE200C3627E /* ClubDetailsTableViewController.m in Sources */ = {isa = PBXBuildFile; fileRef = 28AE901C19295EE200C3627E /* ClubDetailsTableViewController.m */; };
		28DA0FD019242A7A00ECB732 /* HeartRateStreamViewController.m in Sources */ = {isa = PBXBuildFile; fileRef = 28DA0FCF19242A7A00ECB732 /* HeartRateStreamViewController.m */; };
		28DA0FD319242E9400ECB732 /* GradeStreamViewController.m in Sources */ = {isa = PBXBuildFile; fileRef = 28DA0FD219242E9400ECB732 /* GradeStreamViewController.m */; };
		28DA0FD6192434A700ECB732 /* CadenceStreamViewController.m in Sources */ = {isa = PBXBuildFile; fileRef = 28DA0FD5192434A700ECB732 /* CadenceStreamViewController.m */; };
		28DA0FD91924EDCA00ECB732 /* ActivityCalendarViewController.m in Sources */ = {isa = PBXBuildFile; fileRef = 28DA0FD81924EDCA00ECB732 /* ActivityCalendarViewController.m */; };
		28DA0FE1192509B100ECB732 /* ActivityCalendarCollectionViewCell.m in Sources */ = {isa = PBXBuildFile; fileRef = 28DA0FE0192509B100ECB732 /* ActivityCalendarCollectionViewCell.m */; };
		28DA0FE419252DCB00ECB732 /* HeaderPickerView.m in Sources */ = {isa = PBXBuildFile; fileRef = 28DA0FE319252DCB00ECB732 /* HeaderPickerView.m */; };
		28DAF05D191F1FB5001DC529 /* SegmentEffortsTableViewController.m in Sources */ = {isa = PBXBuildFile; fileRef = 28DAF05C191F1FB5001DC529 /* SegmentEffortsTableViewController.m */; };
/* End PBXBuildFile section */

/* Begin PBXContainerItemProxy section */
		28199D45191EDCAF00EE7C4E /* PBXContainerItemProxy */ = {
			isa = PBXContainerItemProxy;
			containerPortal = 28199D1D191EDCAF00EE7C4E /* Project object */;
			proxyType = 1;
			remoteGlobalIDString = 28199D24191EDCAF00EE7C4E;
			remoteInfo = FRDStravaClientDemo;
		};
/* End PBXContainerItemProxy section */

/* Begin PBXFileReference section */
		28199D25191EDCAF00EE7C4E /* FRDStravaClientDemo.app */ = {isa = PBXFileReference; explicitFileType = wrapper.application; includeInIndex = 0; path = FRDStravaClientDemo.app; sourceTree = BUILT_PRODUCTS_DIR; };
		28199D28191EDCAF00EE7C4E /* Foundation.framework */ = {isa = PBXFileReference; lastKnownFileType = wrapper.framework; name = Foundation.framework; path = System/Library/Frameworks/Foundation.framework; sourceTree = SDKROOT; };
		28199D2A191EDCAF00EE7C4E /* CoreGraphics.framework */ = {isa = PBXFileReference; lastKnownFileType = wrapper.framework; name = CoreGraphics.framework; path = System/Library/Frameworks/CoreGraphics.framework; sourceTree = SDKROOT; };
		28199D2C191EDCAF00EE7C4E /* UIKit.framework */ = {isa = PBXFileReference; lastKnownFileType = wrapper.framework; name = UIKit.framework; path = System/Library/Frameworks/UIKit.framework; sourceTree = SDKROOT; };
		28199D30191EDCAF00EE7C4E /* FRDStravaClientDemo-Info.plist */ = {isa = PBXFileReference; lastKnownFileType = text.plist.xml; path = "FRDStravaClientDemo-Info.plist"; sourceTree = "<group>"; };
		28199D32191EDCAF00EE7C4E /* en */ = {isa = PBXFileReference; lastKnownFileType = text.plist.strings; name = en; path = en.lproj/InfoPlist.strings; sourceTree = "<group>"; };
		28199D34191EDCAF00EE7C4E /* main.m */ = {isa = PBXFileReference; lastKnownFileType = sourcecode.c.objc; path = main.m; sourceTree = "<group>"; };
		28199D36191EDCAF00EE7C4E /* FRDStravaClientDemo-Prefix.pch */ = {isa = PBXFileReference; lastKnownFileType = sourcecode.c.h; path = "FRDStravaClientDemo-Prefix.pch"; sourceTree = "<group>"; };
		28199D37191EDCAF00EE7C4E /* AppDelegate.h */ = {isa = PBXFileReference; lastKnownFileType = sourcecode.c.h; path = AppDelegate.h; sourceTree = "<group>"; };
		28199D38191EDCAF00EE7C4E /* AppDelegate.m */ = {isa = PBXFileReference; lastKnownFileType = sourcecode.c.objc; path = AppDelegate.m; sourceTree = "<group>"; };
		28199D3A191EDCAF00EE7C4E /* Images.xcassets */ = {isa = PBXFileReference; lastKnownFileType = folder.assetcatalog; path = Images.xcassets; sourceTree = "<group>"; };
		28199D40191EDCAF00EE7C4E /* FRDStravaClientDemoTests.xctest */ = {isa = PBXFileReference; explicitFileType = wrapper.cfbundle; includeInIndex = 0; path = FRDStravaClientDemoTests.xctest; sourceTree = BUILT_PRODUCTS_DIR; };
		28199D41191EDCAF00EE7C4E /* XCTest.framework */ = {isa = PBXFileReference; lastKnownFileType = wrapper.framework; name = XCTest.framework; path = Library/Frameworks/XCTest.framework; sourceTree = DEVELOPER_DIR; };
		28199D49191EDCAF00EE7C4E /* FRDStravaClientDemoTests-Info.plist */ = {isa = PBXFileReference; lastKnownFileType = text.plist.xml; path = "FRDStravaClientDemoTests-Info.plist"; sourceTree = "<group>"; };
		28199D4B191EDCAF00EE7C4E /* en */ = {isa = PBXFileReference; lastKnownFileType = text.plist.strings; name = en; path = en.lproj/InfoPlist.strings; sourceTree = "<group>"; };
		28199D4D191EDCAF00EE7C4E /* FRDStravaClientDemoTests.m */ = {isa = PBXFileReference; lastKnownFileType = sourcecode.c.objc; path = FRDStravaClientDemoTests.m; sourceTree = "<group>"; };
		28199D58191EDF0100EE7C4E /* FRDStravaClient+Access.h */ = {isa = PBXFileReference; fileEncoding = 4; lastKnownFileType = sourcecode.c.h; path = "FRDStravaClient+Access.h"; sourceTree = "<group>"; };
		28199D59191EDF0100EE7C4E /* FRDStravaClient+Access.m */ = {isa = PBXFileReference; fileEncoding = 4; lastKnownFileType = sourcecode.c.objc; path = "FRDStravaClient+Access.m"; sourceTree = "<group>"; };
		28199D5A191EDF0100EE7C4E /* FRDStravaClient+Activity.h */ = {isa = PBXFileReference; fileEncoding = 4; lastKnownFileType = sourcecode.c.h; path = "FRDStravaClient+Activity.h"; sourceTree = "<group>"; };
		28199D5B191EDF0100EE7C4E /* FRDStravaClient+Activity.m */ = {isa = PBXFileReference; fileEncoding = 4; lastKnownFileType = sourcecode.c.objc; path = "FRDStravaClient+Activity.m"; sourceTree = "<group>"; };
		28199D5C191EDF0100EE7C4E /* FRDStravaClient+Athlete.h */ = {isa = PBXFileReference; fileEncoding = 4; lastKnownFileType = sourcecode.c.h; path = "FRDStravaClient+Athlete.h"; sourceTree = "<group>"; };
		28199D5D191EDF0100EE7C4E /* FRDStravaClient+Athlete.m */ = {isa = PBXFileReference; fileEncoding = 4; lastKnownFileType = sourcecode.c.objc; path = "FRDStravaClient+Athlete.m"; sourceTree = "<group>"; };
		28199D5E191EDF0100EE7C4E /* FRDStravaClient+Lap.h */ = {isa = PBXFileReference; fileEncoding = 4; lastKnownFileType = sourcecode.c.h; path = "FRDStravaClient+Lap.h"; sourceTree = "<group>"; };
		28199D5F191EDF0100EE7C4E /* FRDStravaClient+Lap.m */ = {isa = PBXFileReference; fileEncoding = 4; lastKnownFileType = sourcecode.c.objc; path = "FRDStravaClient+Lap.m"; sourceTree = "<group>"; };
		28199D60191EDF0100EE7C4E /* FRDStravaClient+Segment.h */ = {isa = PBXFileReference; fileEncoding = 4; lastKnownFileType = sourcecode.c.h; path = "FRDStravaClient+Segment.h"; sourceTree = "<group>"; };
		28199D61191EDF0100EE7C4E /* FRDStravaClient+Segment.m */ = {isa = PBXFileReference; fileEncoding = 4; lastKnownFileType = sourcecode.c.objc; path = "FRDStravaClient+Segment.m"; sourceTree = "<group>"; };
		28199D62191EDF0100EE7C4E /* FRDStravaClient+Upload.h */ = {isa = PBXFileReference; fileEncoding = 4; lastKnownFileType = sourcecode.c.h; path = "FRDStravaClient+Upload.h"; sourceTree = "<group>"; };
		28199D63191EDF0100EE7C4E /* FRDStravaClient+Upload.m */ = {isa = PBXFileReference; fileEncoding = 4; lastKnownFileType = sourcecode.c.objc; path = "FRDStravaClient+Upload.m"; sourceTree = "<group>"; };
		28199D64191EDF0100EE7C4E /* FRDStravaClient.h */ = {isa = PBXFileReference; fileEncoding = 4; lastKnownFileType = sourcecode.c.h; path = FRDStravaClient.h; sourceTree = "<group>"; };
		28199D65191EDF0100EE7C4E /* FRDStravaClient.m */ = {isa = PBXFileReference; fileEncoding = 4; lastKnownFileType = sourcecode.c.objc; path = FRDStravaClient.m; sourceTree = "<group>"; };
		28199D66191EDF0100EE7C4E /* StravaAccessTokenResponse.h */ = {isa = PBXFileReference; fileEncoding = 4; lastKnownFileType = sourcecode.c.h; path = StravaAccessTokenResponse.h; sourceTree = "<group>"; };
		28199D67191EDF0100EE7C4E /* StravaAccessTokenResponse.m */ = {isa = PBXFileReference; fileEncoding = 4; lastKnownFileType = sourcecode.c.objc; path = StravaAccessTokenResponse.m; sourceTree = "<group>"; };
		28199D68191EDF0100EE7C4E /* StravaActivity.h */ = {isa = PBXFileReference; fileEncoding = 4; lastKnownFileType = sourcecode.c.h; path = StravaActivity.h; sourceTree = "<group>"; };
		28199D69191EDF0100EE7C4E /* StravaActivity.m */ = {isa = PBXFileReference; fileEncoding = 4; lastKnownFileType = sourcecode.c.objc; path = StravaActivity.m; sourceTree = "<group>"; };
		28199D6A191EDF0100EE7C4E /* StravaActivityUploadStatus.h */ = {isa = PBXFileReference; fileEncoding = 4; lastKnownFileType = sourcecode.c.h; path = StravaActivityUploadStatus.h; sourceTree = "<group>"; };
		28199D6B191EDF0100EE7C4E /* StravaActivityUploadStatus.m */ = {isa = PBXFileReference; fileEncoding = 4; lastKnownFileType = sourcecode.c.objc; path = StravaActivityUploadStatus.m; sourceTree = "<group>"; };
		28199D6C191EDF0100EE7C4E /* StravaAthlete.h */ = {isa = PBXFileReference; fileEncoding = 4; lastKnownFileType = sourcecode.c.h; path = StravaAthlete.h; sourceTree = "<group>"; };
		28199D6D191EDF0100EE7C4E /* StravaAthlete.m */ = {isa = PBXFileReference; fileEncoding = 4; lastKnownFileType = sourcecode.c.objc; path = StravaAthlete.m; sourceTree = "<group>"; };
		28199D6E191EDF0100EE7C4E /* StravaCommon.h */ = {isa = PBXFileReference; fileEncoding = 4; lastKnownFileType = sourcecode.c.h; path = StravaCommon.h; sourceTree = "<group>"; };
		28199D6F191EDF0100EE7C4E /* StravaCommon.m */ = {isa = PBXFileReference; fileEncoding = 4; lastKnownFileType = sourcecode.c.objc; path = StravaCommon.m; sourceTree = "<group>"; };
		28199D70191EDF0100EE7C4E /* StravaLap.h */ = {isa = PBXFileReference; fileEncoding = 4; lastKnownFileType = sourcecode.c.h; path = StravaLap.h; sourceTree = "<group>"; };
		28199D71191EDF0100EE7C4E /* StravaLap.m */ = {isa = PBXFileReference; fileEncoding = 4; lastKnownFileType = sourcecode.c.objc; path = StravaLap.m; sourceTree = "<group>"; };
		28199D72191EDF0100EE7C4E /* StravaMap.h */ = {isa = PBXFileReference; fileEncoding = 4; lastKnownFileType = sourcecode.c.h; path = StravaMap.h; sourceTree = "<group>"; };
		28199D73191EDF0100EE7C4E /* StravaMap.m */ = {isa = PBXFileReference; fileEncoding = 4; lastKnownFileType = sourcecode.c.objc; path = StravaMap.m; sourceTree = "<group>"; };
		28199D74191EDF0100EE7C4E /* StravaSegment.h */ = {isa = PBXFileReference; fileEncoding = 4; lastKnownFileType = sourcecode.c.h; path = StravaSegment.h; sourceTree = "<group>"; };
		28199D75191EDF0100EE7C4E /* StravaSegment.m */ = {isa = PBXFileReference; fileEncoding = 4; lastKnownFileType = sourcecode.c.objc; path = StravaSegment.m; sourceTree = "<group>"; };
		28199D76191EDF0100EE7C4E /* StravaSegmentEffort.h */ = {isa = PBXFileReference; fileEncoding = 4; lastKnownFileType = sourcecode.c.h; path = StravaSegmentEffort.h; sourceTree = "<group>"; };
		28199D77191EDF0100EE7C4E /* StravaSegmentEffort.m */ = {isa = PBXFileReference; fileEncoding = 4; lastKnownFileType = sourcecode.c.objc; path = StravaSegmentEffort.m; sourceTree = "<group>"; };
		28199D78191EDF0100EE7C4E /* StravaStream.h */ = {isa = PBXFileReference; fileEncoding = 4; lastKnownFileType = sourcecode.c.h; path = StravaStream.h; sourceTree = "<group>"; };
		28199D79191EDF0100EE7C4E /* StravaStream.m */ = {isa = PBXFileReference; fileEncoding = 4; lastKnownFileType = sourcecode.c.objc; path = StravaStream.m; sourceTree = "<group>"; };
		28199D8B191EDF7400EE7C4E /* FRDStravaClient+ActivityStream.h */ = {isa = PBXFileReference; fileEncoding = 4; lastKnownFileType = sourcecode.c.h; path = "FRDStravaClient+ActivityStream.h"; sourceTree = "<group>"; };
		28199D8C191EDF7400EE7C4E /* FRDStravaClient+ActivityStream.m */ = {isa = PBXFileReference; fileEncoding = 4; lastKnownFileType = sourcecode.c.objc; path = "FRDStravaClient+ActivityStream.m"; sourceTree = "<group>"; };
		28199D8E191EE02A00EE7C4E /* ActivitiesMapViewController.h */ = {isa = PBXFileReference; fileEncoding = 4; lastKnownFileType = sourcecode.c.h; path = ActivitiesMapViewController.h; sourceTree = "<group>"; };
		28199D8F191EE02A00EE7C4E /* ActivitiesMapViewController.m */ = {isa = PBXFileReference; fileEncoding = 4; lastKnownFileType = sourcecode.c.objc; path = ActivitiesMapViewController.m; sourceTree = "<group>"; };
		28199D90191EE02A00EE7C4E /* ActivitiesTableViewController.h */ = {isa = PBXFileReference; fileEncoding = 4; lastKnownFileType = sourcecode.c.h; path = ActivitiesTableViewController.h; sourceTree = "<group>"; };
		28199D91191EE02A00EE7C4E /* ActivitiesTableViewController.m */ = {isa = PBXFileReference; fileEncoding = 4; lastKnownFileType = sourcecode.c.objc; path = ActivitiesTableViewController.m; sourceTree = "<group>"; };
		28199D92191EE02A00EE7C4E /* ActivityDetailsViewController.h */ = {isa = PBXFileReference; fileEncoding = 4; lastKnownFileType = sourcecode.c.h; path = ActivityDetailsViewController.h; sourceTree = "<group>"; };
		28199D93191EE02A00EE7C4E /* ActivityDetailsViewController.m */ = {isa = PBXFileReference; fileEncoding = 4; lastKnownFileType = sourcecode.c.objc; path = ActivityDetailsViewController.m; sourceTree = "<group>"; };
		28199D94191EE02A00EE7C4E /* ActivityHelper.h */ = {isa = PBXFileReference; fileEncoding = 4; lastKnownFileType = sourcecode.c.h; path = ActivityHelper.h; sourceTree = "<group>"; };
		28199D95191EE02A00EE7C4E /* ActivityHelper.m */ = {isa = PBXFileReference; fileEncoding = 4; lastKnownFileType = sourcecode.c.objc; path = ActivityHelper.m; sourceTree = "<group>"; };
		28199D96191EE02A00EE7C4E /* ActivityTableViewCell.h */ = {isa = PBXFileReference; fileEncoding = 4; lastKnownFileType = sourcecode.c.h; path = ActivityTableViewCell.h; sourceTree = "<group>"; };
		28199D97191EE02A00EE7C4E /* ActivityTableViewCell.m */ = {isa = PBXFileReference; fileEncoding = 4; lastKnownFileType = sourcecode.c.objc; path = ActivityTableViewCell.m; sourceTree = "<group>"; };
		28199D98191EE02A00EE7C4E /* AthleteDetaislViewController.h */ = {isa = PBXFileReference; fileEncoding = 4; lastKnownFileType = sourcecode.c.h; path = AthleteDetaislViewController.h; sourceTree = "<group>"; };
		28199D99191EE02A00EE7C4E /* AthleteDetaislViewController.m */ = {isa = PBXFileReference; fileEncoding = 4; lastKnownFileType = sourcecode.c.objc; path = AthleteDetaislViewController.m; sourceTree = "<group>"; };
		28199D9A191EE02A00EE7C4E /* AuthViewController.h */ = {isa = PBXFileReference; fileEncoding = 4; lastKnownFileType = sourcecode.c.h; path = AuthViewController.h; sourceTree = "<group>"; };
		28199D9B191EE02A00EE7C4E /* AuthViewController.m */ = {isa = PBXFileReference; fileEncoding = 4; lastKnownFileType = sourcecode.c.objc; path = AuthViewController.m; sourceTree = "<group>"; };
		28199D9C191EE02A00EE7C4E /* icomoon.ttf */ = {isa = PBXFileReference; lastKnownFileType = file; path = icomoon.ttf; sourceTree = "<group>"; };
		28199D9D191EE02A00EE7C4E /* IconHelper.h */ = {isa = PBXFileReference; fileEncoding = 4; lastKnownFileType = sourcecode.c.h; path = IconHelper.h; sourceTree = "<group>"; };
		28199D9E191EE02A00EE7C4E /* IconHelper.m */ = {isa = PBXFileReference; fileEncoding = 4; lastKnownFileType = sourcecode.c.objc; path = IconHelper.m; sourceTree = "<group>"; };
		28199D9F191EE02A00EE7C4E /* iPhone.storyboard */ = {isa = PBXFileReference; fileEncoding = 4; lastKnownFileType = file.storyboard; path = iPhone.storyboard; sourceTree = "<group>"; };
		28199DA0191EE02A00EE7C4E /* SecondTableViewController.h */ = {isa = PBXFileReference; fileEncoding = 4; lastKnownFileType = sourcecode.c.h; path = SecondTableViewController.h; sourceTree = "<group>"; };
		28199DA1191EE02A00EE7C4E /* SecondTableViewController.m */ = {isa = PBXFileReference; fileEncoding = 4; lastKnownFileType = sourcecode.c.objc; path = SecondTableViewController.m; sourceTree = "<group>"; };
		28199DA2191EE02A00EE7C4E /* Settings.bundle */ = {isa = PBXFileReference; lastKnownFileType = "wrapper.plug-in"; path = Settings.bundle; sourceTree = "<group>"; };
		28199DA3191EE02A00EE7C4E /* StarredSegmentsTableViewController.h */ = {isa = PBXFileReference; fileEncoding = 4; lastKnownFileType = sourcecode.c.h; path = StarredSegmentsTableViewController.h; sourceTree = "<group>"; };
		28199DA4191EE02A00EE7C4E /* StarredSegmentsTableViewController.m */ = {isa = PBXFileReference; fileEncoding = 4; lastKnownFileType = sourcecode.c.objc; path = StarredSegmentsTableViewController.m; sourceTree = "<group>"; };
		28199DA5191EE02B00EE7C4E /* VelocityStreamViewController.h */ = {isa = PBXFileReference; fileEncoding = 4; lastKnownFileType = sourcecode.c.h; path = VelocityStreamViewController.h; sourceTree = "<group>"; };
		28199DA6191EE02B00EE7C4E /* VelocityStreamViewController.m */ = {isa = PBXFileReference; fileEncoding = 4; lastKnownFileType = sourcecode.c.objc; path = VelocityStreamViewController.m; sourceTree = "<group>"; };
		28591AA81921BD6600298472 /* StreamBaseViewController.h */ = {isa = PBXFileReference; fileEncoding = 4; lastKnownFileType = sourcecode.c.h; path = StreamBaseViewController.h; sourceTree = "<group>"; };
		28591AA91921BD6600298472 /* StreamBaseViewController.m */ = {isa = PBXFileReference; fileEncoding = 4; lastKnownFileType = sourcecode.c.objc; path = StreamBaseViewController.m; sourceTree = "<group>"; };
		28AE8FFA192719EF00C3627E /* AthleteListTableViewController.h */ = {isa = PBXFileReference; fileEncoding = 4; lastKnownFileType = sourcecode.c.h; path = AthleteListTableViewController.h; sourceTree = "<group>"; };
		28AE8FFB192719EF00C3627E /* AthleteListTableViewController.m */ = {isa = PBXFileReference; fileEncoding = 4; lastKnownFileType = sourcecode.c.objc; path = AthleteListTableViewController.m; sourceTree = "<group>"; };
		28AE8FFD1927203200C3627E /* FriendsAndFollowersTableViewController.h */ = {isa = PBXFileReference; fileEncoding = 4; lastKnownFileType = sourcecode.c.h; path = FriendsAndFollowersTableViewController.h; sourceTree = "<group>"; };
		28AE8FFE1927203200C3627E /* FriendsAndFollowersTableViewController.m */ = {isa = PBXFileReference; fileEncoding = 4; lastKnownFileType = sourcecode.c.objc; path = FriendsAndFollowersTableViewController.m; sourceTree = "<group>"; };
		28AE90001927CB0C00C3627E /* AthleteTableViewCell.h */ = {isa = PBXFileReference; fileEncoding = 4; lastKnownFileType = sourcecode.c.h; path = AthleteTableViewCell.h; sourceTree = "<group>"; };
		28AE90011927CB0C00C3627E /* AthleteTableViewCell.m */ = {isa = PBXFileReference; fileEncoding = 4; lastKnownFileType = sourcecode.c.objc; path = AthleteTableViewCell.m; sourceTree = "<group>"; };
		28AE90031927D72F00C3627E /* AthleteHeadShotsCollectionViewController.h */ = {isa = PBXFileReference; fileEncoding = 4; lastKnownFileType = sourcecode.c.h; path = AthleteHeadShotsCollectionViewController.h; sourceTree = "<group>"; };
		28AE90041927D72F00C3627E /* AthleteHeadShotsCollectionViewController.m */ = {isa = PBXFileReference; fileEncoding = 4; lastKnownFileType = sourcecode.c.objc; path = AthleteHeadShotsCollectionViewController.m; sourceTree = "<group>"; };
		28AE90061927D74900C3627E /* BothFollowingCollectionViewCell.h */ = {isa = PBXFileReference; fileEncoding = 4; lastKnownFileType = sourcecode.c.h; path = BothFollowingCollectionViewCell.h; sourceTree = "<group>"; };
		28AE90071927D74900C3627E /* BothFollowingCollectionViewCell.m */ = {isa = PBXFileReference; fileEncoding = 4; lastKnownFileType = sourcecode.c.objc; path = BothFollowingCollectionViewCell.m; sourceTree = "<group>"; };
		28AE90091927E39E00C3627E /* StravaGear.h */ = {isa = PBXFileReference; fileEncoding = 4; lastKnownFileType = sourcecode.c.h; path = StravaGear.h; sourceTree = "<group>"; };
		28AE900A1927E39E00C3627E /* StravaGear.m */ = {isa = PBXFileReference; fileEncoding = 4; lastKnownFileType = sourcecode.c.objc; path = StravaGear.m; sourceTree = "<group>"; };
		28AE900C1927E68500C3627E /* FRDStravaClient+Gear.h */ = {isa = PBXFileReference; fileEncoding = 4; lastKnownFileType = sourcecode.c.h; path = "FRDStravaClient+Gear.h"; sourceTree = "<group>"; };
		28AE900D1927E68500C3627E /* FRDStravaClient+Gear.m */ = {isa = PBXFileReference; fileEncoding = 4; lastKnownFileType = sourcecode.c.objc; path = "FRDStravaClient+Gear.m"; sourceTree = "<group>"; };
		28AE900F1927EA6D00C3627E /* GearViewController.h */ = {isa = PBXFileReference; fileEncoding = 4; lastKnownFileType = sourcecode.c.h; path = GearViewController.h; sourceTree = "<group>"; };
		28AE90101927EA6D00C3627E /* GearViewController.m */ = {isa = PBXFileReference; fileEncoding = 4; lastKnownFileType = sourcecode.c.objc; path = GearViewController.m; sourceTree = "<group>"; };
		28AE90121927EDE200C3627E /* StravaClub.h */ = {isa = PBXFileReference; fileEncoding = 4; lastKnownFileType = sourcecode.c.h; path = StravaClub.h; sourceTree = "<group>"; };
		28AE90131927EDE200C3627E /* StravaClub.m */ = {isa = PBXFileReference; fileEncoding = 4; lastKnownFileType = sourcecode.c.objc; path = StravaClub.m; sourceTree = "<group>"; };
		28AE90151927F1D900C3627E /* FRDStravaClient+Club.h */ = {isa = PBXFileReference; fileEncoding = 4; lastKnownFileType = sourcecode.c.h; path = "FRDStravaClient+Club.h"; sourceTree = "<group>"; };
		28AE90161927F1D900C3627E /* FRDStravaClient+Club.m */ = {isa = PBXFileReference; fileEncoding = 4; lastKnownFileType = sourcecode.c.objc; path = "FRDStravaClient+Club.m"; sourceTree = "<group>"; };
		28AE9018192863DB00C3627E /* ClubsTableViewController.h */ = {isa = PBXFileReference; fileEncoding = 4; lastKnownFileType = sourcecode.c.h; path = ClubsTableViewController.h; sourceTree = "<group>"; };
		28AE9019192863DB00C3627E /* ClubsTableViewController.m */ = {isa = PBXFileReference; fileEncoding = 4; lastKnownFileType = sourcecode.c.objc; path = ClubsTableViewController.m; sourceTree = "<group>"; };
		28AE901B19295EE200C3627E /* ClubDetailsTableViewController.h */ = {isa = PBXFileReference; fileEncoding = 4; lastKnownFileType = sourcecode.c.h; path = ClubDetailsTableViewController.h; sourceTree = "<group>"; };
		28AE901C19295EE200C3627E /* ClubDetailsTableViewController.m */ = {isa = PBXFileReference; fileEncoding = 4; lastKnownFileType = sourcecode.c.objc; path = ClubDetailsTableViewController.m; sourceTree = "<group>"; };
		28DA0FCE19242A7A00ECB732 /* HeartRateStreamViewController.h */ = {isa = PBXFileReference; fileEncoding = 4; lastKnownFileType = sourcecode.c.h; path = HeartRateStreamViewController.h; sourceTree = "<group>"; };
		28DA0FCF19242A7A00ECB732 /* HeartRateStreamViewController.m */ = {isa = PBXFileReference; fileEncoding = 4; lastKnownFileType = sourcecode.c.objc; path = HeartRateStreamViewController.m; sourceTree = "<group>"; };
		28DA0FD119242E9400ECB732 /* GradeStreamViewController.h */ = {isa = PBXFileReference; fileEncoding = 4; lastKnownFileType = sourcecode.c.h; path = GradeStreamViewController.h; sourceTree = "<group>"; };
		28DA0FD219242E9400ECB732 /* GradeStreamViewController.m */ = {isa = PBXFileReference; fileEncoding = 4; lastKnownFileType = sourcecode.c.objc; path = GradeStreamViewController.m; sourceTree = "<group>"; };
		28DA0FD4192434A700ECB732 /* CadenceStreamViewController.h */ = {isa = PBXFileReference; fileEncoding = 4; lastKnownFileType = sourcecode.c.h; path = CadenceStreamViewController.h; sourceTree = "<group>"; };
		28DA0FD5192434A700ECB732 /* CadenceStreamViewController.m */ = {isa = PBXFileReference; fileEncoding = 4; lastKnownFileType = sourcecode.c.objc; path = CadenceStreamViewController.m; sourceTree = "<group>"; };
		28DA0FD71924EDCA00ECB732 /* ActivityCalendarViewController.h */ = {isa = PBXFileReference; fileEncoding = 4; lastKnownFileType = sourcecode.c.h; path = ActivityCalendarViewController.h; sourceTree = "<group>"; };
		28DA0FD81924EDCA00ECB732 /* ActivityCalendarViewController.m */ = {isa = PBXFileReference; fileEncoding = 4; lastKnownFileType = sourcecode.c.objc; path = ActivityCalendarViewController.m; sourceTree = "<group>"; };
		28DA0FDF192509B100ECB732 /* ActivityCalendarCollectionViewCell.h */ = {isa = PBXFileReference; fileEncoding = 4; lastKnownFileType = sourcecode.c.h; path = ActivityCalendarCollectionViewCell.h; sourceTree = "<group>"; };
		28DA0FE0192509B100ECB732 /* ActivityCalendarCollectionViewCell.m */ = {isa = PBXFileReference; fileEncoding = 4; lastKnownFileType = sourcecode.c.objc; path = ActivityCalendarCollectionViewCell.m; sourceTree = "<group>"; };
		28DA0FE219252DCB00ECB732 /* HeaderPickerView.h */ = {isa = PBXFileReference; fileEncoding = 4; lastKnownFileType = sourcecode.c.h; path = HeaderPickerView.h; sourceTree = "<group>"; };
		28DA0FE319252DCB00ECB732 /* HeaderPickerView.m */ = {isa = PBXFileReference; fileEncoding = 4; lastKnownFileType = sourcecode.c.objc; path = HeaderPickerView.m; sourceTree = "<group>"; };
		28DAF05B191F1FB5001DC529 /* SegmentEffortsTableViewController.h */ = {isa = PBXFileReference; fileEncoding = 4; lastKnownFileType = sourcecode.c.h; path = SegmentEffortsTableViewController.h; sourceTree = "<group>"; };
		28DAF05C191F1FB5001DC529 /* SegmentEffortsTableViewController.m */ = {isa = PBXFileReference; fileEncoding = 4; lastKnownFileType = sourcecode.c.objc; path = SegmentEffortsTableViewController.m; sourceTree = "<group>"; };
		ED9078EBFF324CF9876BD37C /* libPods-FRDStravaClientDemo.a */ = {isa = PBXFileReference; explicitFileType = archive.ar; includeInIndex = 0; path = "libPods-FRDStravaClientDemo.a"; sourceTree = BUILT_PRODUCTS_DIR; };
		FD1AD5BB3633458F93C31110 /* Pods-FRDStravaClientDemo.xcconfig */ = {isa = PBXFileReference; includeInIndex = 1; lastKnownFileType = text.xcconfig; name = "Pods-FRDStravaClientDemo.xcconfig"; path = "Pods/Pods-FRDStravaClientDemo.xcconfig"; sourceTree = "<group>"; };
/* End PBXFileReference section */

/* Begin PBXFrameworksBuildPhase section */
		28199D22191EDCAF00EE7C4E /* Frameworks */ = {
			isa = PBXFrameworksBuildPhase;
			buildActionMask = 2147483647;
			files = (
				28199D2B191EDCAF00EE7C4E /* CoreGraphics.framework in Frameworks */,
				28199D2D191EDCAF00EE7C4E /* UIKit.framework in Frameworks */,
				28199D29191EDCAF00EE7C4E /* Foundation.framework in Frameworks */,
				0AB44197E6F84B128019FABE /* libPods-FRDStravaClientDemo.a in Frameworks */,
			);
			runOnlyForDeploymentPostprocessing = 0;
		};
		28199D3D191EDCAF00EE7C4E /* Frameworks */ = {
			isa = PBXFrameworksBuildPhase;
			buildActionMask = 2147483647;
			files = (
				28199D42191EDCAF00EE7C4E /* XCTest.framework in Frameworks */,
				28199D44191EDCAF00EE7C4E /* UIKit.framework in Frameworks */,
				28199D43191EDCAF00EE7C4E /* Foundation.framework in Frameworks */,
			);
			runOnlyForDeploymentPostprocessing = 0;
		};
/* End PBXFrameworksBuildPhase section */

/* Begin PBXGroup section */
		28199D1C191EDCAF00EE7C4E = {
			isa = PBXGroup;
			children = (
				28199D2E191EDCAF00EE7C4E /* FRDStravaClientDemo */,
				28199D47191EDCAF00EE7C4E /* FRDStravaClientDemoTests */,
				28199D27191EDCAF00EE7C4E /* Frameworks */,
				28199D26191EDCAF00EE7C4E /* Products */,
				FD1AD5BB3633458F93C31110 /* Pods-FRDStravaClientDemo.xcconfig */,
			);
			sourceTree = "<group>";
		};
		28199D26191EDCAF00EE7C4E /* Products */ = {
			isa = PBXGroup;
			children = (
				28199D25191EDCAF00EE7C4E /* FRDStravaClientDemo.app */,
				28199D40191EDCAF00EE7C4E /* FRDStravaClientDemoTests.xctest */,
			);
			name = Products;
			sourceTree = "<group>";
		};
		28199D27191EDCAF00EE7C4E /* Frameworks */ = {
			isa = PBXGroup;
			children = (
				28199D28191EDCAF00EE7C4E /* Foundation.framework */,
				28199D2A191EDCAF00EE7C4E /* CoreGraphics.framework */,
				28199D2C191EDCAF00EE7C4E /* UIKit.framework */,
				28199D41191EDCAF00EE7C4E /* XCTest.framework */,
				ED9078EBFF324CF9876BD37C /* libPods-FRDStravaClientDemo.a */,
			);
			name = Frameworks;
			sourceTree = "<group>";
		};
		28199D2E191EDCAF00EE7C4E /* FRDStravaClientDemo */ = {
			isa = PBXGroup;
			children = (
				28199D8E191EE02A00EE7C4E /* ActivitiesMapViewController.h */,
				28199D8F191EE02A00EE7C4E /* ActivitiesMapViewController.m */,
				28199D90191EE02A00EE7C4E /* ActivitiesTableViewController.h */,
				28199D91191EE02A00EE7C4E /* ActivitiesTableViewController.m */,
				28199D92191EE02A00EE7C4E /* ActivityDetailsViewController.h */,
				28199D93191EE02A00EE7C4E /* ActivityDetailsViewController.m */,
				28199D94191EE02A00EE7C4E /* ActivityHelper.h */,
				28199D95191EE02A00EE7C4E /* ActivityHelper.m */,
				28199D96191EE02A00EE7C4E /* ActivityTableViewCell.h */,
				28199D97191EE02A00EE7C4E /* ActivityTableViewCell.m */,
				28199D98191EE02A00EE7C4E /* AthleteDetaislViewController.h */,
				28199D99191EE02A00EE7C4E /* AthleteDetaislViewController.m */,
				28199D9A191EE02A00EE7C4E /* AuthViewController.h */,
				28199D9B191EE02A00EE7C4E /* AuthViewController.m */,
				28199DA0191EE02A00EE7C4E /* SecondTableViewController.h */,
				28199DA1191EE02A00EE7C4E /* SecondTableViewController.m */,
				28199DA3191EE02A00EE7C4E /* StarredSegmentsTableViewController.h */,
				28199DA4191EE02A00EE7C4E /* StarredSegmentsTableViewController.m */,
				28DAF05B191F1FB5001DC529 /* SegmentEffortsTableViewController.h */,
				28DAF05C191F1FB5001DC529 /* SegmentEffortsTableViewController.m */,
				28591AA81921BD6600298472 /* StreamBaseViewController.h */,
				28591AA91921BD6600298472 /* StreamBaseViewController.m */,
				28199DA5191EE02B00EE7C4E /* VelocityStreamViewController.h */,
				28199DA6191EE02B00EE7C4E /* VelocityStreamViewController.m */,
				28DA0FD119242E9400ECB732 /* GradeStreamViewController.h */,
				28DA0FD219242E9400ECB732 /* GradeStreamViewController.m */,
				28DA0FCE19242A7A00ECB732 /* HeartRateStreamViewController.h */,
				28DA0FCF19242A7A00ECB732 /* HeartRateStreamViewController.m */,
				28DA0FD4192434A700ECB732 /* CadenceStreamViewController.h */,
				28DA0FD5192434A700ECB732 /* CadenceStreamViewController.m */,
				28DA0FD71924EDCA00ECB732 /* ActivityCalendarViewController.h */,
				28DA0FD81924EDCA00ECB732 /* ActivityCalendarViewController.m */,
				28DA0FDF192509B100ECB732 /* ActivityCalendarCollectionViewCell.h */,
				28DA0FE0192509B100ECB732 /* ActivityCalendarCollectionViewCell.m */,
				28DA0FE219252DCB00ECB732 /* HeaderPickerView.h */,
				28DA0FE319252DCB00ECB732 /* HeaderPickerView.m */,
				28AE8FFD1927203200C3627E /* FriendsAndFollowersTableViewController.h */,
				28AE8FFE1927203200C3627E /* FriendsAndFollowersTableViewController.m */,
				28AE8FFA192719EF00C3627E /* AthleteListTableViewController.h */,
				28AE8FFB192719EF00C3627E /* AthleteListTableViewController.m */,
				28AE90001927CB0C00C3627E /* AthleteTableViewCell.h */,
				28AE90011927CB0C00C3627E /* AthleteTableViewCell.m */,
				28AE90031927D72F00C3627E /* AthleteHeadShotsCollectionViewController.h */,
				28AE90041927D72F00C3627E /* AthleteHeadShotsCollectionViewController.m */,
				28AE90061927D74900C3627E /* BothFollowingCollectionViewCell.h */,
				28AE90071927D74900C3627E /* BothFollowingCollectionViewCell.m */,
				28AE900F1927EA6D00C3627E /* GearViewController.h */,
				28AE90101927EA6D00C3627E /* GearViewController.m */,
				28AE9018192863DB00C3627E /* ClubsTableViewController.h */,
				28AE9019192863DB00C3627E /* ClubsTableViewController.m */,
				28AE901B19295EE200C3627E /* ClubDetailsTableViewController.h */,
				28AE901C19295EE200C3627E /* ClubDetailsTableViewController.m */,
				28199DB5191EE6B600EE7C4E /* IconHelper */,
				28199D9F191EE02A00EE7C4E /* iPhone.storyboard */,
				28199DA2191EE02A00EE7C4E /* Settings.bundle */,
				28199D57191EDF0100EE7C4E /* Classes */,
				28199D37191EDCAF00EE7C4E /* AppDelegate.h */,
				28199D38191EDCAF00EE7C4E /* AppDelegate.m */,
				28199D3A191EDCAF00EE7C4E /* Images.xcassets */,
				28199D2F191EDCAF00EE7C4E /* Supporting Files */,
			);
			path = FRDStravaClientDemo;
			sourceTree = "<group>";
		};
		28199D2F191EDCAF00EE7C4E /* Supporting Files */ = {
			isa = PBXGroup;
			children = (
				28199D30191EDCAF00EE7C4E /* FRDStravaClientDemo-Info.plist */,
				28199D31191EDCAF00EE7C4E /* InfoPlist.strings */,
				28199D34191EDCAF00EE7C4E /* main.m */,
				28199D36191EDCAF00EE7C4E /* FRDStravaClientDemo-Prefix.pch */,
			);
			name = "Supporting Files";
			sourceTree = "<group>";
		};
		28199D47191EDCAF00EE7C4E /* FRDStravaClientDemoTests */ = {
			isa = PBXGroup;
			children = (
				28199D4D191EDCAF00EE7C4E /* FRDStravaClientDemoTests.m */,
				28199D48191EDCAF00EE7C4E /* Supporting Files */,
			);
			path = FRDStravaClientDemoTests;
			sourceTree = "<group>";
		};
		28199D48191EDCAF00EE7C4E /* Supporting Files */ = {
			isa = PBXGroup;
			children = (
				28199D49191EDCAF00EE7C4E /* FRDStravaClientDemoTests-Info.plist */,
				28199D4A191EDCAF00EE7C4E /* InfoPlist.strings */,
			);
			name = "Supporting Files";
			sourceTree = "<group>";
		};
		28199D57191EDF0100EE7C4E /* Classes */ = {
			isa = PBXGroup;
			children = (
				28199D58191EDF0100EE7C4E /* FRDStravaClient+Access.h */,
				28199D59191EDF0100EE7C4E /* FRDStravaClient+Access.m */,
				28199D5A191EDF0100EE7C4E /* FRDStravaClient+Activity.h */,
				28199D5B191EDF0100EE7C4E /* FRDStravaClient+Activity.m */,
				28199D8B191EDF7400EE7C4E /* FRDStravaClient+ActivityStream.h */,
				28199D8C191EDF7400EE7C4E /* FRDStravaClient+ActivityStream.m */,
				28199D5C191EDF0100EE7C4E /* FRDStravaClient+Athlete.h */,
				28199D5D191EDF0100EE7C4E /* FRDStravaClient+Athlete.m */,
				28AE90151927F1D900C3627E /* FRDStravaClient+Club.h */,
				28AE90161927F1D900C3627E /* FRDStravaClient+Club.m */,
				28AE900C1927E68500C3627E /* FRDStravaClient+Gear.h */,
				28AE900D1927E68500C3627E /* FRDStravaClient+Gear.m */,
				28199D5E191EDF0100EE7C4E /* FRDStravaClient+Lap.h */,
				28199D5F191EDF0100EE7C4E /* FRDStravaClient+Lap.m */,
				28199D60191EDF0100EE7C4E /* FRDStravaClient+Segment.h */,
				28199D61191EDF0100EE7C4E /* FRDStravaClient+Segment.m */,
				28199D62191EDF0100EE7C4E /* FRDStravaClient+Upload.h */,
				28199D63191EDF0100EE7C4E /* FRDStravaClient+Upload.m */,
				28199D64191EDF0100EE7C4E /* FRDStravaClient.h */,
				28199D65191EDF0100EE7C4E /* FRDStravaClient.m */,
				28199D66191EDF0100EE7C4E /* StravaAccessTokenResponse.h */,
				28199D67191EDF0100EE7C4E /* StravaAccessTokenResponse.m */,
				28199D68191EDF0100EE7C4E /* StravaActivity.h */,
				28199D69191EDF0100EE7C4E /* StravaActivity.m */,
				28199D6A191EDF0100EE7C4E /* StravaActivityUploadStatus.h */,
				28199D6B191EDF0100EE7C4E /* StravaActivityUploadStatus.m */,
				28199D6C191EDF0100EE7C4E /* StravaAthlete.h */,
				28199D6D191EDF0100EE7C4E /* StravaAthlete.m */,
				28AE90121927EDE200C3627E /* StravaClub.h */,
				28AE90131927EDE200C3627E /* StravaClub.m */,
				28199D6E191EDF0100EE7C4E /* StravaCommon.h */,
				28199D6F191EDF0100EE7C4E /* StravaCommon.m */,
				28AE90091927E39E00C3627E /* StravaGear.h */,
				28AE900A1927E39E00C3627E /* StravaGear.m */,
				28199D70191EDF0100EE7C4E /* StravaLap.h */,
				28199D71191EDF0100EE7C4E /* StravaLap.m */,
				28199D72191EDF0100EE7C4E /* StravaMap.h */,
				28199D73191EDF0100EE7C4E /* StravaMap.m */,
				28199D74191EDF0100EE7C4E /* StravaSegment.h */,
				28199D75191EDF0100EE7C4E /* StravaSegment.m */,
				28199D76191EDF0100EE7C4E /* StravaSegmentEffort.h */,
				28199D77191EDF0100EE7C4E /* StravaSegmentEffort.m */,
				28199D78191EDF0100EE7C4E /* StravaStream.h */,
				28199D79191EDF0100EE7C4E /* StravaStream.m */,
			);
			name = Classes;
			path = ../../Classes;
			sourceTree = "<group>";
		};
		28199DB5191EE6B600EE7C4E /* IconHelper */ = {
			isa = PBXGroup;
			children = (
				28199D9C191EE02A00EE7C4E /* icomoon.ttf */,
				28199D9D191EE02A00EE7C4E /* IconHelper.h */,
				28199D9E191EE02A00EE7C4E /* IconHelper.m */,
			);
			name = IconHelper;
			sourceTree = "<group>";
		};
/* End PBXGroup section */

/* Begin PBXNativeTarget section */
		28199D24191EDCAF00EE7C4E /* FRDStravaClientDemo */ = {
			isa = PBXNativeTarget;
			buildConfigurationList = 28199D51191EDCAF00EE7C4E /* Build configuration list for PBXNativeTarget "FRDStravaClientDemo" */;
			buildPhases = (
				1A7D1E4B20DD4DF0814C4922 /* Check Pods Manifest.lock */,
				28199D21191EDCAF00EE7C4E /* Sources */,
				28199D22191EDCAF00EE7C4E /* Frameworks */,
				28199D23191EDCAF00EE7C4E /* Resources */,
				3303C62663754E65ABDD231F /* Copy Pods Resources */,
			);
			buildRules = (
			);
			dependencies = (
			);
			name = FRDStravaClientDemo;
			productName = FRDStravaClientDemo;
			productReference = 28199D25191EDCAF00EE7C4E /* FRDStravaClientDemo.app */;
			productType = "com.apple.product-type.application";
		};
		28199D3F191EDCAF00EE7C4E /* FRDStravaClientDemoTests */ = {
			isa = PBXNativeTarget;
			buildConfigurationList = 28199D54191EDCAF00EE7C4E /* Build configuration list for PBXNativeTarget "FRDStravaClientDemoTests" */;
			buildPhases = (
				28199D3C191EDCAF00EE7C4E /* Sources */,
				28199D3D191EDCAF00EE7C4E /* Frameworks */,
				28199D3E191EDCAF00EE7C4E /* Resources */,
			);
			buildRules = (
			);
			dependencies = (
				28199D46191EDCAF00EE7C4E /* PBXTargetDependency */,
			);
			name = FRDStravaClientDemoTests;
			productName = FRDStravaClientDemoTests;
			productReference = 28199D40191EDCAF00EE7C4E /* FRDStravaClientDemoTests.xctest */;
			productType = "com.apple.product-type.bundle.unit-test";
		};
/* End PBXNativeTarget section */

/* Begin PBXProject section */
		28199D1D191EDCAF00EE7C4E /* Project object */ = {
			isa = PBXProject;
			attributes = {
				LastUpgradeCheck = 0510;
				ORGANIZATIONNAME = "Sebastien Windal";
				TargetAttributes = {
					28199D3F191EDCAF00EE7C4E = {
						TestTargetID = 28199D24191EDCAF00EE7C4E;
					};
				};
			};
			buildConfigurationList = 28199D20191EDCAF00EE7C4E /* Build configuration list for PBXProject "FRDStravaClientDemo" */;
			compatibilityVersion = "Xcode 3.2";
			developmentRegion = English;
			hasScannedForEncodings = 0;
			knownRegions = (
				en,
			);
			mainGroup = 28199D1C191EDCAF00EE7C4E;
			productRefGroup = 28199D26191EDCAF00EE7C4E /* Products */;
			projectDirPath = "";
			projectRoot = "";
			targets = (
				28199D24191EDCAF00EE7C4E /* FRDStravaClientDemo */,
				28199D3F191EDCAF00EE7C4E /* FRDStravaClientDemoTests */,
			);
		};
/* End PBXProject section */

/* Begin PBXResourcesBuildPhase section */
		28199D23191EDCAF00EE7C4E /* Resources */ = {
			isa = PBXResourcesBuildPhase;
			buildActionMask = 2147483647;
			files = (
				28199DAE191EE02B00EE7C4E /* icomoon.ttf in Resources */,
				28199D33191EDCAF00EE7C4E /* InfoPlist.strings in Resources */,
				28199DB2191EE02B00EE7C4E /* Settings.bundle in Resources */,
				28199D3B191EDCAF00EE7C4E /* Images.xcassets in Resources */,
				28199DB0191EE02B00EE7C4E /* iPhone.storyboard in Resources */,
			);
			runOnlyForDeploymentPostprocessing = 0;
		};
		28199D3E191EDCAF00EE7C4E /* Resources */ = {
			isa = PBXResourcesBuildPhase;
			buildActionMask = 2147483647;
			files = (
				28199D4C191EDCAF00EE7C4E /* InfoPlist.strings in Resources */,
			);
			runOnlyForDeploymentPostprocessing = 0;
		};
/* End PBXResourcesBuildPhase section */

/* Begin PBXShellScriptBuildPhase section */
		1A7D1E4B20DD4DF0814C4922 /* Check Pods Manifest.lock */ = {
			isa = PBXShellScriptBuildPhase;
			buildActionMask = 2147483647;
			files = (
			);
			inputPaths = (
			);
			name = "Check Pods Manifest.lock";
			outputPaths = (
			);
			runOnlyForDeploymentPostprocessing = 0;
			shellPath = /bin/sh;
			shellScript = "diff \"${PODS_ROOT}/../Podfile.lock\" \"${PODS_ROOT}/Manifest.lock\" > /dev/null\nif [[ $? != 0 ]] ; then\n    cat << EOM\nerror: The sandbox is not in sync with the Podfile.lock. Run 'pod install' or update your CocoaPods installation.\nEOM\n    exit 1\nfi\n";
			showEnvVarsInLog = 0;
		};
		3303C62663754E65ABDD231F /* Copy Pods Resources */ = {
			isa = PBXShellScriptBuildPhase;
			buildActionMask = 2147483647;
			files = (
			);
			inputPaths = (
			);
			name = "Copy Pods Resources";
			outputPaths = (
			);
			runOnlyForDeploymentPostprocessing = 0;
			shellPath = /bin/sh;
			shellScript = "\"${SRCROOT}/Pods/Pods-FRDStravaClientDemo-resources.sh\"\n";
			showEnvVarsInLog = 0;
		};
/* End PBXShellScriptBuildPhase section */

/* Begin PBXSourcesBuildPhase section */
		28199D21191EDCAF00EE7C4E /* Sources */ = {
			isa = PBXSourcesBuildPhase;
			buildActionMask = 2147483647;
			files = (
				28199DA7191EE02B00EE7C4E /* ActivitiesMapViewController.m in Sources */,
				28AE901A192863DB00C3627E /* ClubsTableViewController.m in Sources */,
				28199D82191EDF0100EE7C4E /* StravaActivity.m in Sources */,
				28DA0FD6192434A700ECB732 /* CadenceStreamViewController.m in Sources */,
				28AE90081927D74900C3627E /* BothFollowingCollectionViewCell.m in Sources */,
				28199D39191EDCAF00EE7C4E /* AppDelegate.m in Sources */,
				28199D7B191EDF0100EE7C4E /* FRDStravaClient+Activity.m in Sources */,
				28199DAD191EE02B00EE7C4E /* AuthViewController.m in Sources */,
				28199DB3191EE02B00EE7C4E /* StarredSegmentsTableViewController.m in Sources */,
				28199D7E191EDF0100EE7C4E /* FRDStravaClient+Segment.m in Sources */,
				28DA0FD019242A7A00ECB732 /* HeartRateStreamViewController.m in Sources */,
				28AE900B1927E39E00C3627E /* StravaGear.m in Sources */,
				28AE901D19295EE200C3627E /* ClubDetailsTableViewController.m in Sources */,
				28DA0FE1192509B100ECB732 /* ActivityCalendarCollectionViewCell.m in Sources */,
				28199D89191EDF0100EE7C4E /* StravaSegmentEffort.m in Sources */,
				28199D7D191EDF0100EE7C4E /* FRDStravaClient+Lap.m in Sources */,
				28199DAF191EE02B00EE7C4E /* IconHelper.m in Sources */,
				28199D8D191EDF7400EE7C4E /* FRDStravaClient+ActivityStream.m in Sources */,
				28AE90051927D72F00C3627E /* AthleteHeadShotsCollectionViewController.m in Sources */,
				28199D87191EDF0100EE7C4E /* StravaMap.m in Sources */,
				28199DA9191EE02B00EE7C4E /* ActivityDetailsViewController.m in Sources */,
				28199D85191EDF0100EE7C4E /* StravaCommon.m in Sources */,
				28199D35191EDCAF00EE7C4E /* main.m in Sources */,
				28199D83191EDF0100EE7C4E /* StravaActivityUploadStatus.m in Sources */,
				28199DAC191EE02B00EE7C4E /* AthleteDetaislViewController.m in Sources */,
				28AE8FFF1927203200C3627E /* FriendsAndFollowersTableViewController.m in Sources */,
				28DA0FD319242E9400ECB732 /* GradeStreamViewController.m in Sources */,
				28DA0FD91924EDCA00ECB732 /* ActivityCalendarViewController.m in Sources */,
				28199DA8191EE02B00EE7C4E /* ActivitiesTableViewController.m in Sources */,
				28199DAB191EE02B00EE7C4E /* ActivityTableViewCell.m in Sources */,
				28199D7C191EDF0100EE7C4E /* FRDStravaClient+Athlete.m in Sources */,
				28199DB4191EE02B00EE7C4E /* VelocityStreamViewController.m in Sources */,
				28199D80191EDF0100EE7C4E /* FRDStravaClient.m in Sources */,
				28199DAA191EE02B00EE7C4E /* ActivityHelper.m in Sources */,
				28AE90021927CB0C00C3627E /* AthleteTableViewCell.m in Sources */,
				28199D84191EDF0100EE7C4E /* StravaAthlete.m in Sources */,
				28199D7A191EDF0100EE7C4E /* FRDStravaClient+Access.m in Sources */,
				28DAF05D191F1FB5001DC529 /* SegmentEffortsTableViewController.m in Sources */,
				28199D7F191EDF0100EE7C4E /* FRDStravaClient+Upload.m in Sources */,
				28199D8A191EDF0100EE7C4E /* StravaStream.m in Sources */,
				28DA0FE419252DCB00ECB732 /* HeaderPickerView.m in Sources */,
				28AE8FFC192719EF00C3627E /* AthleteListTableViewController.m in Sources */,
				28199D81191EDF0100EE7C4E /* StravaAccessTokenResponse.m in Sources */,
				28AE900E1927E68500C3627E /* FRDStravaClient+Gear.m in Sources */,
				28199D86191EDF0100EE7C4E /* StravaLap.m in Sources */,
				28AE90111927EA6D00C3627E /* GearViewController.m in Sources */,
				28199D88191EDF0100EE7C4E /* StravaSegment.m in Sources */,
				28199DB1191EE02B00EE7C4E /* SecondTableViewController.m in Sources */,
				28AE90141927EDE200C3627E /* StravaClub.m in Sources */,
				28591AAA1921BD6600298472 /* StreamBaseViewController.m in Sources */,
				28AE90171927F1D900C3627E /* FRDStravaClient+Club.m in Sources */,
			);
			runOnlyForDeploymentPostprocessing = 0;
		};
		28199D3C191EDCAF00EE7C4E /* Sources */ = {
			isa = PBXSourcesBuildPhase;
			buildActionMask = 2147483647;
			files = (
				28199D4E191EDCAF00EE7C4E /* FRDStravaClientDemoTests.m in Sources */,
			);
			runOnlyForDeploymentPostprocessing = 0;
		};
/* End PBXSourcesBuildPhase section */

/* Begin PBXTargetDependency section */
		28199D46191EDCAF00EE7C4E /* PBXTargetDependency */ = {
			isa = PBXTargetDependency;
			target = 28199D24191EDCAF00EE7C4E /* FRDStravaClientDemo */;
			targetProxy = 28199D45191EDCAF00EE7C4E /* PBXContainerItemProxy */;
		};
/* End PBXTargetDependency section */

/* Begin PBXVariantGroup section */
		28199D31191EDCAF00EE7C4E /* InfoPlist.strings */ = {
			isa = PBXVariantGroup;
			children = (
				28199D32191EDCAF00EE7C4E /* en */,
			);
			name = InfoPlist.strings;
			sourceTree = "<group>";
		};
		28199D4A191EDCAF00EE7C4E /* InfoPlist.strings */ = {
			isa = PBXVariantGroup;
			children = (
				28199D4B191EDCAF00EE7C4E /* en */,
			);
			name = InfoPlist.strings;
			sourceTree = "<group>";
		};
/* End PBXVariantGroup section */

/* Begin XCBuildConfiguration section */
		28199D4F191EDCAF00EE7C4E /* Debug */ = {
			isa = XCBuildConfiguration;
			buildSettings = {
				ALWAYS_SEARCH_USER_PATHS = NO;
				CLANG_CXX_LANGUAGE_STANDARD = "gnu++0x";
				CLANG_CXX_LIBRARY = "libc++";
				CLANG_ENABLE_MODULES = YES;
				CLANG_ENABLE_OBJC_ARC = YES;
				CLANG_WARN_BOOL_CONVERSION = YES;
				CLANG_WARN_CONSTANT_CONVERSION = YES;
				CLANG_WARN_DIRECT_OBJC_ISA_USAGE = YES_ERROR;
				CLANG_WARN_EMPTY_BODY = YES;
				CLANG_WARN_ENUM_CONVERSION = YES;
				CLANG_WARN_INT_CONVERSION = YES;
				CLANG_WARN_OBJC_ROOT_CLASS = YES_ERROR;
				CLANG_WARN__DUPLICATE_METHOD_MATCH = YES;
				"CODE_SIGN_IDENTITY[sdk=iphoneos*]" = "iPhone Developer";
				COPY_PHASE_STRIP = NO;
				GCC_C_LANGUAGE_STANDARD = gnu99;
				GCC_DYNAMIC_NO_PIC = NO;
				GCC_OPTIMIZATION_LEVEL = 0;
				GCC_PREPROCESSOR_DEFINITIONS = (
					"DEBUG=1",
					"$(inherited)",
				);
				GCC_SYMBOLS_PRIVATE_EXTERN = NO;
				GCC_WARN_64_TO_32_BIT_CONVERSION = YES;
				GCC_WARN_ABOUT_RETURN_TYPE = YES_ERROR;
				GCC_WARN_UNDECLARED_SELECTOR = YES;
				GCC_WARN_UNINITIALIZED_AUTOS = YES_AGGRESSIVE;
				GCC_WARN_UNUSED_FUNCTION = YES;
				GCC_WARN_UNUSED_VARIABLE = YES;
				IPHONEOS_DEPLOYMENT_TARGET = 7.1;
				ONLY_ACTIVE_ARCH = YES;
				SDKROOT = iphoneos;
			};
			name = Debug;
		};
		28199D50191EDCAF00EE7C4E /* Release */ = {
			isa = XCBuildConfiguration;
			buildSettings = {
				ALWAYS_SEARCH_USER_PATHS = NO;
				CLANG_CXX_LANGUAGE_STANDARD = "gnu++0x";
				CLANG_CXX_LIBRARY = "libc++";
				CLANG_ENABLE_MODULES = YES;
				CLANG_ENABLE_OBJC_ARC = YES;
				CLANG_WARN_BOOL_CONVERSION = YES;
				CLANG_WARN_CONSTANT_CONVERSION = YES;
				CLANG_WARN_DIRECT_OBJC_ISA_USAGE = YES_ERROR;
				CLANG_WARN_EMPTY_BODY = YES;
				CLANG_WARN_ENUM_CONVERSION = YES;
				CLANG_WARN_INT_CONVERSION = YES;
				CLANG_WARN_OBJC_ROOT_CLASS = YES_ERROR;
				CLANG_WARN__DUPLICATE_METHOD_MATCH = YES;
				"CODE_SIGN_IDENTITY[sdk=iphoneos*]" = "iPhone Developer";
				COPY_PHASE_STRIP = YES;
				ENABLE_NS_ASSERTIONS = NO;
				GCC_C_LANGUAGE_STANDARD = gnu99;
				GCC_WARN_64_TO_32_BIT_CONVERSION = YES;
				GCC_WARN_ABOUT_RETURN_TYPE = YES_ERROR;
				GCC_WARN_UNDECLARED_SELECTOR = YES;
				GCC_WARN_UNINITIALIZED_AUTOS = YES_AGGRESSIVE;
				GCC_WARN_UNUSED_FUNCTION = YES;
				GCC_WARN_UNUSED_VARIABLE = YES;
				IPHONEOS_DEPLOYMENT_TARGET = 7.1;
				SDKROOT = iphoneos;
				VALIDATE_PRODUCT = YES;
			};
			name = Release;
		};
		28199D52191EDCAF00EE7C4E /* Debug */ = {
			isa = XCBuildConfiguration;
			baseConfigurationReference = FD1AD5BB3633458F93C31110 /* Pods-FRDStravaClientDemo.xcconfig */;
			buildSettings = {
				ASSETCATALOG_COMPILER_APPICON_NAME = AppIcon;
				ASSETCATALOG_COMPILER_LAUNCHIMAGE_NAME = LaunchImage;
				GCC_PRECOMPILE_PREFIX_HEADER = YES;
				GCC_PREFIX_HEADER = "FRDStravaClientDemo/FRDStravaClientDemo-Prefix.pch";
				INFOPLIST_FILE = "FRDStravaClientDemo/FRDStravaClientDemo-Info.plist";
				IPHONEOS_DEPLOYMENT_TARGET = 7.0;
				PRODUCT_NAME = "$(TARGET_NAME)";
				WRAPPER_EXTENSION = app;
			};
			name = Debug;
		};
		28199D53191EDCAF00EE7C4E /* Release */ = {
			isa = XCBuildConfiguration;
			baseConfigurationReference = FD1AD5BB3633458F93C31110 /* Pods-FRDStravaClientDemo.xcconfig */;
			buildSettings = {
				ASSETCATALOG_COMPILER_APPICON_NAME = AppIcon;
				ASSETCATALOG_COMPILER_LAUNCHIMAGE_NAME = LaunchImage;
				GCC_PRECOMPILE_PREFIX_HEADER = YES;
				GCC_PREFIX_HEADER = "FRDStravaClientDemo/FRDStravaClientDemo-Prefix.pch";
				INFOPLIST_FILE = "FRDStravaClientDemo/FRDStravaClientDemo-Info.plist";
				IPHONEOS_DEPLOYMENT_TARGET = 7.0;
				PRODUCT_NAME = "$(TARGET_NAME)";
				WRAPPER_EXTENSION = app;
			};
			name = Release;
		};
		28199D55191EDCAF00EE7C4E /* Debug */ = {
			isa = XCBuildConfiguration;
			buildSettings = {
				BUNDLE_LOADER = "$(BUILT_PRODUCTS_DIR)/FRDStravaClientDemo.app/FRDStravaClientDemo";
				FRAMEWORK_SEARCH_PATHS = (
					"$(SDKROOT)/Developer/Library/Frameworks",
					"$(inherited)",
					"$(DEVELOPER_FRAMEWORKS_DIR)",
				);
				GCC_PRECOMPILE_PREFIX_HEADER = YES;
				GCC_PREFIX_HEADER = "FRDStravaClientDemo/FRDStravaClientDemo-Prefix.pch";
				GCC_PREPROCESSOR_DEFINITIONS = (
					"DEBUG=1",
					"$(inherited)",
				);
				INFOPLIST_FILE = "FRDStravaClientDemoTests/FRDStravaClientDemoTests-Info.plist";
				PRODUCT_NAME = "$(TARGET_NAME)";
				TEST_HOST = "$(BUNDLE_LOADER)";
				WRAPPER_EXTENSION = xctest;
			};
			name = Debug;
		};
		28199D56191EDCAF00EE7C4E /* Release */ = {
			isa = XCBuildConfiguration;
			buildSettings = {
				BUNDLE_LOADER = "$(BUILT_PRODUCTS_DIR)/FRDStravaClientDemo.app/FRDStravaClientDemo";
				FRAMEWORK_SEARCH_PATHS = (
					"$(SDKROOT)/Developer/Library/Frameworks",
					"$(inherited)",
					"$(DEVELOPER_FRAMEWORKS_DIR)",
				);
				GCC_PRECOMPILE_PREFIX_HEADER = YES;
				GCC_PREFIX_HEADER = "FRDStravaClientDemo/FRDStravaClientDemo-Prefix.pch";
				INFOPLIST_FILE = "FRDStravaClientDemoTests/FRDStravaClientDemoTests-Info.plist";
				PRODUCT_NAME = "$(TARGET_NAME)";
				TEST_HOST = "$(BUNDLE_LOADER)";
				WRAPPER_EXTENSION = xctest;
			};
			name = Release;
		};
/* End XCBuildConfiguration section */

/* Begin XCConfigurationList section */
		28199D20191EDCAF00EE7C4E /* Build configuration list for PBXProject "FRDStravaClientDemo" */ = {
			isa = XCConfigurationList;
			buildConfigurations = (
				28199D4F191EDCAF00EE7C4E /* Debug */,
				28199D50191EDCAF00EE7C4E /* Release */,
			);
			defaultConfigurationIsVisible = 0;
			defaultConfigurationName = Release;
		};
		28199D51191EDCAF00EE7C4E /* Build configuration list for PBXNativeTarget "FRDStravaClientDemo" */ = {
			isa = XCConfigurationList;
			buildConfigurations = (
				28199D52191EDCAF00EE7C4E /* Debug */,
				28199D53191EDCAF00EE7C4E /* Release */,
			);
			defaultConfigurationIsVisible = 0;
			defaultConfigurationName = Release;
		};
		28199D54191EDCAF00EE7C4E /* Build configuration list for PBXNativeTarget "FRDStravaClientDemoTests" */ = {
			isa = XCConfigurationList;
			buildConfigurations = (
				28199D55191EDCAF00EE7C4E /* Debug */,
				28199D56191EDCAF00EE7C4E /* Release */,
			);
			defaultConfigurationIsVisible = 0;
			defaultConfigurationName = Release;
		};
/* End XCConfigurationList section */
	};
	rootObject = 28199D1D191EDCAF00EE7C4E /* Project object */;
}
